
Microsoft Visual Studio Solution File, Format Version 12.00
# Visual Studio Version 16
VisualStudioVersion = 16.0.29215.179
MinimumVisualStudioVersion = 10.0.40219.1
Project("{8BC9CEB8-8B4A-11D0-8D11-00A0C91BC942}") = "Heart", "Heart.vcxproj", "{F49DCAF0-F3A8-4AC2-A357-FEE1235D7389}"
EndProject
Global
	GlobalSection(SolutionConfigurationPlatforms) = preSolution
		Debug|x64 = Debug|x64
		Debug|x86 = Debug|x86
		Release|x64 = Release|x64
		Release|x86 = Release|x86
	EndGlobalSection
	GlobalSection(ProjectConfigurationPlatforms) = postSolution
		{F49DCAF0-F3A8-4AC2-A357-FEE1235D7389}.Debug|x64.ActiveCfg = Debug|x64
		{F49DCAF0-F3A8-4AC2-A357-FEE1235D7389}.Debug|x64.Build.0 = Debug|x64
		{F49DCAF0-F3A8-4AC2-A357-FEE1235D7389}.Debug|x86.ActiveCfg = Debug|Win32
		{F49DCAF0-F3A8-4AC2-A357-FEE1235D7389}.Debug|x86.Build.0 = Debug|Win32
		{F49DCAF0-F3A8-4AC2-A357-FEE1235D7389}.Release|x64.ActiveCfg = Release|x64
		{F49DCAF0-F3A8-4AC2-A357-FEE1235D7389}.Release|x64.Build.0 = Release|x64
		{F49DCAF0-F3A8-4AC2-A357-FEE1235D7389}.Release|x86.ActiveCfg = Release|Win32
		{F49DCAF0-F3A8-4AC2-A357-FEE1235D7389}.Release|x86.Build.0 = Release|Win32
	EndGlobalSection
	GlobalSection(SolutionProperties) = preSolution
		HideSolutionNode = FALSE
	EndGlobalSection
	GlobalSection(ExtensibilityGlobals) = postSolution
		SolutionGuid = {29DDD5F3-EF37-441E-9415-DF21230BE449}
	EndGlobalSection
EndGlobal
